// !$*UTF8*$!
{
	archiveVersion = 1;
	classes = {
	};
	objectVersion = 55;
	objects = {

/* Begin PBXBuildFile section */
		B08CF6D4275F423700A0B854 /* AppDelegate.swift in Sources */ = {isa = PBXBuildFile; fileRef = B08CF6D3275F423700A0B854 /* AppDelegate.swift */; };
		B08CF6D6275F423700A0B854 /* SceneDelegate.swift in Sources */ = {isa = PBXBuildFile; fileRef = B08CF6D5275F423700A0B854 /* SceneDelegate.swift */; };
		B08CF6D8275F423700A0B854 /* ViewController.swift in Sources */ = {isa = PBXBuildFile; fileRef = B08CF6D7275F423700A0B854 /* ViewController.swift */; };
		B08CF6DD275F423900A0B854 /* Assets.xcassets in Resources */ = {isa = PBXBuildFile; fileRef = B08CF6DC275F423900A0B854 /* Assets.xcassets */; };
		B08CF6E0275F423900A0B854 /* LaunchScreen.storyboard in Resources */ = {isa = PBXBuildFile; fileRef = B08CF6DE275F423900A0B854 /* LaunchScreen.storyboard */; };
		B08CF6E9275F434F00A0B854 /* ReactionCell.swift in Sources */ = {isa = PBXBuildFile; fileRef = B08CF6E7275F434F00A0B854 /* ReactionCell.swift */; };
		B08CF6EA275F434F00A0B854 /* SkinTonePopoverViewController.swift in Sources */ = {isa = PBXBuildFile; fileRef = B08CF6E8275F434F00A0B854 /* SkinTonePopoverViewController.swift */; };
/* End PBXBuildFile section */

/* Begin PBXFileReference section */
		B08CF6D0275F423700A0B854 /* SkinTone.app */ = {isa = PBXFileReference; explicitFileType = wrapper.application; includeInIndex = 0; path = SkinTone.app; sourceTree = BUILT_PRODUCTS_DIR; };
		B08CF6D3275F423700A0B854 /* AppDelegate.swift */ = {isa = PBXFileReference; lastKnownFileType = sourcecode.swift; path = AppDelegate.swift; sourceTree = "<group>"; };
		B08CF6D5275F423700A0B854 /* SceneDelegate.swift */ = {isa = PBXFileReference; lastKnownFileType = sourcecode.swift; path = SceneDelegate.swift; sourceTree = "<group>"; };
		B08CF6D7275F423700A0B854 /* ViewController.swift */ = {isa = PBXFileReference; lastKnownFileType = sourcecode.swift; path = ViewController.swift; sourceTree = "<group>"; };
		B08CF6DC275F423900A0B854 /* Assets.xcassets */ = {isa = PBXFileReference; lastKnownFileType = folder.assetcatalog; path = Assets.xcassets; sourceTree = "<group>"; };
		B08CF6DF275F423900A0B854 /* Base */ = {isa = PBXFileReference; lastKnownFileType = file.storyboard; name = Base; path = Base.lproj/LaunchScreen.storyboard; sourceTree = "<group>"; };
		B08CF6E1275F423900A0B854 /* Info.plist */ = {isa = PBXFileReference; lastKnownFileType = text.plist.xml; path = Info.plist; sourceTree = "<group>"; };
		B08CF6E7275F434F00A0B854 /* ReactionCell.swift */ = {isa = PBXFileReference; fileEncoding = 4; lastKnownFileType = sourcecode.swift; path = ReactionCell.swift; sourceTree = "<group>"; };
		B08CF6E8275F434F00A0B854 /* SkinTonePopoverViewController.swift */ = {isa = PBXFileReference; fileEncoding = 4; lastKnownFileType = sourcecode.swift; path = SkinTonePopoverViewController.swift; sourceTree = "<group>"; };
/* End PBXFileReference section */

/* Begin PBXFrameworksBuildPhase section */
		B08CF6CD275F423700A0B854 /* Frameworks */ = {
			isa = PBXFrameworksBuildPhase;
			buildActionMask = 2147483647;
			files = (
			);
			runOnlyForDeploymentPostprocessing = 0;
		};
/* End PBXFrameworksBuildPhase section */

/* Begin PBXGroup section */
		B08CF6C7275F423700A0B854 = {
			isa = PBXGroup;
			children = (
				B08CF6D2275F423700A0B854 /* SkinTone */,
				B08CF6D1275F423700A0B854 /* Products */,
			);
			sourceTree = "<group>";
		};
		B08CF6D1275F423700A0B854 /* Products */ = {
			isa = PBXGroup;
			children = (
				B08CF6D0275F423700A0B854 /* SkinTone.app */,
			);
			name = Products;
			sourceTree = "<group>";
		};
		B08CF6D2275F423700A0B854 /* SkinTone */ = {
			isa = PBXGroup;
			children = (
				B08CF6D3275F423700A0B854 /* AppDelegate.swift */,
				B08CF6DC275F423900A0B854 /* Assets.xcassets */,
				B08CF6E1275F423900A0B854 /* Info.plist */,
				B08CF6DE275F423900A0B854 /* LaunchScreen.storyboard */,
				B08CF6E7275F434F00A0B854 /* ReactionCell.swift */,
				B08CF6D5275F423700A0B854 /* SceneDelegate.swift */,
				B08CF6E8275F434F00A0B854 /* SkinTonePopoverViewController.swift */,
				B08CF6D7275F423700A0B854 /* ViewController.swift */,
			);
			path = SkinTone;
			sourceTree = "<group>";
		};
/* End PBXGroup section */

/* Begin PBXNativeTarget section */
		B08CF6CF275F423700A0B854 /* SkinTone */ = {
			isa = PBXNativeTarget;
			buildConfigurationList = B08CF6E4275F423900A0B854 /* Build configuration list for PBXNativeTarget "SkinTone" */;
			buildPhases = (
				B08CF6CC275F423700A0B854 /* Sources */,
				B08CF6CD275F423700A0B854 /* Frameworks */,
				B08CF6CE275F423700A0B854 /* Resources */,
			);
			buildRules = (
			);
			dependencies = (
			);
			name = SkinTone;
			productName = SkinTone;
			productReference = B08CF6D0275F423700A0B854 /* SkinTone.app */;
			productType = "com.apple.product-type.application";
		};
/* End PBXNativeTarget section */

/* Begin PBXProject section */
		B08CF6C8275F423700A0B854 /* Project object */ = {
			isa = PBXProject;
			attributes = {
				BuildIndependentTargetsInParallel = 1;
				LastSwiftUpdateCheck = 1310;
				LastUpgradeCheck = 1310;
				TargetAttributes = {
					B08CF6CF275F423700A0B854 = {
						CreatedOnToolsVersion = 13.1;
					};
				};
			};
			buildConfigurationList = B08CF6CB275F423700A0B854 /* Build configuration list for PBXProject "SkinTone" */;
			compatibilityVersion = "Xcode 13.0";
			developmentRegion = en;
			hasScannedForEncodings = 0;
			knownRegions = (
				en,
				Base,
			);
			mainGroup = B08CF6C7275F423700A0B854;
			productRefGroup = B08CF6D1275F423700A0B854 /* Products */;
			projectDirPath = "";
			projectRoot = "";
			targets = (
				B08CF6CF275F423700A0B854 /* SkinTone */,
			);
		};
/* End PBXProject section */

/* Begin PBXResourcesBuildPhase section */
		B08CF6CE275F423700A0B854 /* Resources */ = {
			isa = PBXResourcesBuildPhase;
			buildActionMask = 2147483647;
			files = (
				B08CF6E0275F423900A0B854 /* LaunchScreen.storyboard in Resources */,
				B08CF6DD275F423900A0B854 /* Assets.xcassets in Resources */,
			);
			runOnlyForDeploymentPostprocessing = 0;
		};
/* End PBXResourcesBuildPhase section */

/* Begin PBXSourcesBuildPhase section */
		B08CF6CC275F423700A0B854 /* Sources */ = {
			isa = PBXSourcesBuildPhase;
			buildActionMask = 2147483647;
			files = (
				B08CF6D8275F423700A0B854 /* ViewController.swift in Sources */,
				B08CF6EA275F434F00A0B854 /* SkinTonePopoverViewController.swift in Sources */,
				B08CF6D4275F423700A0B854 /* AppDelegate.swift in Sources */,
				B08CF6E9275F434F00A0B854 /* ReactionCell.swift in Sources */,
				B08CF6D6275F423700A0B854 /* SceneDelegate.swift in Sources */,
			);
			runOnlyForDeploymentPostprocessing = 0;
		};
/* End PBXSourcesBuildPhase section */

/* Begin PBXVariantGroup section */
		B08CF6DE275F423900A0B854 /* LaunchScreen.storyboard */ = {
			isa = PBXVariantGroup;
			children = (
				B08CF6DF275F423900A0B854 /* Base */,
			);
			name = LaunchScreen.storyboard;
			sourceTree = "<group>";
		};
/* End PBXVariantGroup section */

/* Begin XCBuildConfiguration section */
		B08CF6E2275F423900A0B854 /* Debug */ = {
			isa = XCBuildConfiguration;
			buildSettings = {
				ALWAYS_SEARCH_USER_PATHS = NO;
				CLANG_ANALYZER_NONNULL = YES;
				CLANG_ANALYZER_NUMBER_OBJECT_CONVERSION = YES_AGGRESSIVE;
				CLANG_CXX_LANGUAGE_STANDARD = "gnu++17";
				CLANG_CXX_LIBRARY = "libc++";
				CLANG_ENABLE_MODULES = YES;
				CLANG_ENABLE_OBJC_ARC = YES;
				CLANG_ENABLE_OBJC_WEAK = YES;
				CLANG_WARN_BLOCK_CAPTURE_AUTORELEASING = YES;
				CLANG_WARN_BOOL_CONVERSION = YES;
				CLANG_WARN_COMMA = YES;
				CLANG_WARN_CONSTANT_CONVERSION = YES;
				CLANG_WARN_DEPRECATED_OBJC_IMPLEMENTATIONS = YES;
				CLANG_WARN_DIRECT_OBJC_ISA_USAGE = YES_ERROR;
				CLANG_WARN_DOCUMENTATION_COMMENTS = YES;
				CLANG_WARN_EMPTY_BODY = YES;
				CLANG_WARN_ENUM_CONVERSION = YES;
				CLANG_WARN_INFINITE_RECURSION = YES;
				CLANG_WARN_INT_CONVERSION = YES;
				CLANG_WARN_NON_LITERAL_NULL_CONVERSION = YES;
				CLANG_WARN_OBJC_IMPLICIT_RETAIN_SELF = YES;
				CLANG_WARN_OBJC_LITERAL_CONVERSION = YES;
				CLANG_WARN_OBJC_ROOT_CLASS = YES_ERROR;
				CLANG_WARN_QUOTED_INCLUDE_IN_FRAMEWORK_HEADER = YES;
				CLANG_WARN_RANGE_LOOP_ANALYSIS = YES;
				CLANG_WARN_STRICT_PROTOTYPES = YES;
				CLANG_WARN_SUSPICIOUS_MOVE = YES;
				CLANG_WARN_UNGUARDED_AVAILABILITY = YES_AGGRESSIVE;
				CLANG_WARN_UNREACHABLE_CODE = YES;
				CLANG_WARN__DUPLICATE_METHOD_MATCH = YES;
				COPY_PHASE_STRIP = NO;
				DEBUG_INFORMATION_FORMAT = dwarf;
				ENABLE_STRICT_OBJC_MSGSEND = YES;
				ENABLE_TESTABILITY = YES;
				GCC_C_LANGUAGE_STANDARD = gnu11;
				GCC_DYNAMIC_NO_PIC = NO;
				GCC_NO_COMMON_BLOCKS = YES;
				GCC_OPTIMIZATION_LEVEL = 0;
				GCC_PREPROCESSOR_DEFINITIONS = (
					"DEBUG=1",
					"$(inherited)",
				);
				GCC_WARN_64_TO_32_BIT_CONVERSION = YES;
				GCC_WARN_ABOUT_RETURN_TYPE = YES_ERROR;
				GCC_WARN_UNDECLARED_SELECTOR = YES;
				GCC_WARN_UNINITIALIZED_AUTOS = YES_AGGRESSIVE;
				GCC_WARN_UNUSED_FUNCTION = YES;
				GCC_WARN_UNUSED_VARIABLE = YES;
				IPHONEOS_DEPLOYMENT_TARGET = 15.0;
				MTL_ENABLE_DEBUG_INFO = INCLUDE_SOURCE;
				MTL_FAST_MATH = YES;
				ONLY_ACTIVE_ARCH = YES;
				SDKROOT = iphoneos;
				SWIFT_ACTIVE_COMPILATION_CONDITIONS = DEBUG;
				SWIFT_OPTIMIZATION_LEVEL = "-Onone";
			};
			name = Debug;
		};
		B08CF6E3275F423900A0B854 /* Release */ = {
			isa = XCBuildConfiguration;
			buildSettings = {
				ALWAYS_SEARCH_USER_PATHS = NO;
				CLANG_ANALYZER_NONNULL = YES;
				CLANG_ANALYZER_NUMBER_OBJECT_CONVERSION = YES_AGGRESSIVE;
				CLANG_CXX_LANGUAGE_STANDARD = "gnu++17";
				CLANG_CXX_LIBRARY = "libc++";
				CLANG_ENABLE_MODULES = YES;
				CLANG_ENABLE_OBJC_ARC = YES;
				CLANG_ENABLE_OBJC_WEAK = YES;
				CLANG_WARN_BLOCK_CAPTURE_AUTORELEASING = YES;
				CLANG_WARN_BOOL_CONVERSION = YES;
				CLANG_WARN_COMMA = YES;
				CLANG_WARN_CONSTANT_CONVERSION = YES;
				CLANG_WARN_DEPRECATED_OBJC_IMPLEMENTATIONS = YES;
				CLANG_WARN_DIRECT_OBJC_ISA_USAGE = YES_ERROR;
				CLANG_WARN_DOCUMENTATION_COMMENTS = YES;
				CLANG_WARN_EMPTY_BODY = YES;
				CLANG_WARN_ENUM_CONVERSION = YES;
				CLANG_WARN_INFINITE_RECURSION = YES;
				CLANG_WARN_INT_CONVERSION = YES;
				CLANG_WARN_NON_LITERAL_NULL_CONVERSION = YES;
				CLANG_WARN_OBJC_IMPLICIT_RETAIN_SELF = YES;
				CLANG_WARN_OBJC_LITERAL_CONVERSION = YES;
				CLANG_WARN_OBJC_ROOT_CLASS = YES_ERROR;
				CLANG_WARN_QUOTED_INCLUDE_IN_FRAMEWORK_HEADER = YES;
				CLANG_WARN_RANGE_LOOP_ANALYSIS = YES;
				CLANG_WARN_STRICT_PROTOTYPES = YES;
				CLANG_WARN_SUSPICIOUS_MOVE = YES;
				CLANG_WARN_UNGUARDED_AVAILABILITY = YES_AGGRESSIVE;
				CLANG_WARN_UNREACHABLE_CODE = YES;
				CLANG_WARN__DUPLICATE_METHOD_MATCH = YES;
				COPY_PHASE_STRIP = NO;
				DEBUG_INFORMATION_FORMAT = "dwarf-with-dsym";
				ENABLE_NS_ASSERTIONS = NO;
				ENABLE_STRICT_OBJC_MSGSEND = YES;
				GCC_C_LANGUAGE_STANDARD = gnu11;
				GCC_NO_COMMON_BLOCKS = YES;
				GCC_WARN_64_TO_32_BIT_CONVERSION = YES;
				GCC_WARN_ABOUT_RETURN_TYPE = YES_ERROR;
				GCC_WARN_UNDECLARED_SELECTOR = YES;
				GCC_WARN_UNINITIALIZED_AUTOS = YES_AGGRESSIVE;
				GCC_WARN_UNUSED_FUNCTION = YES;
				GCC_WARN_UNUSED_VARIABLE = YES;
				IPHONEOS_DEPLOYMENT_TARGET = 15.0;
				MTL_ENABLE_DEBUG_INFO = NO;
				MTL_FAST_MATH = YES;
				SDKROOT = iphoneos;
				SWIFT_COMPILATION_MODE = wholemodule;
				SWIFT_OPTIMIZATION_LEVEL = "-O";
				VALIDATE_PRODUCT = YES;
			};
			name = Release;
		};
		B08CF6E5275F423900A0B854 /* Debug */ = {
			isa = XCBuildConfiguration;
			buildSettings = {
				ASSETCATALOG_COMPILER_APPICON_NAME = AppIcon;
				ASSETCATALOG_COMPILER_GLOBAL_ACCENT_COLOR_NAME = AccentColor;
				CODE_SIGN_STYLE = Automatic;
				CURRENT_PROJECT_VERSION = 1;
				DEVELOPMENT_TEAM = BGVT4ZTJ5C;
				GENERATE_INFOPLIST_FILE = YES;
				INFOPLIST_FILE = SkinTone/Info.plist;
				INFOPLIST_KEY_UIApplicationSupportsIndirectInputEvents = YES;
				INFOPLIST_KEY_UILaunchStoryboardName = LaunchScreen;
				INFOPLIST_KEY_UISupportedInterfaceOrientations_iPad = "UIInterfaceOrientationPortrait UIInterfaceOrientationPortraitUpsideDown UIInterfaceOrientationLandscapeLeft UIInterfaceOrientationLandscapeRight";
				INFOPLIST_KEY_UISupportedInterfaceOrientations_iPhone = "UIInterfaceOrientationPortrait UIInterfaceOrientationLandscapeLeft UIInterfaceOrientationLandscapeRight";
				LD_RUNPATH_SEARCH_PATHS = (
					"$(inherited)",
					"@executable_path/Frameworks",
				);
				MARKETING_VERSION = 1.0;
				PRODUCT_BUNDLE_IDENTIFIER = vlc.SkinTone;
				PRODUCT_NAME = "$(TARGET_NAME)";
				SWIFT_EMIT_LOC_STRINGS = YES;
				SWIFT_VERSION = 5.0;
				TARGETED_DEVICE_FAMILY = "1,2";
			};
			name = Debug;
		};
		B08CF6E6275F423900A0B854 /* Release */ = {
			isa = XCBuildConfiguration;
			buildSettings = {
				ASSETCATALOG_COMPILER_APPICON_NAME = AppIcon;
				ASSETCATALOG_COMPILER_GLOBAL_ACCENT_COLOR_NAME = AccentColor;
				CODE_SIGN_STYLE = Automatic;
				CURRENT_PROJECT_VERSION = 1;
				DEVELOPMENT_TEAM = BGVT4ZTJ5C;
				GENERATE_INFOPLIST_FILE = YES;
				INFOPLIST_FILE = SkinTone/Info.plist;
				INFOPLIST_KEY_UIApplicationSupportsIndirectInputEvents = YES;
				INFOPLIST_KEY_UILaunchStoryboardName = LaunchScreen;
				INFOPLIST_KEY_UISupportedInterfaceOrientations_iPad = "UIInterfaceOrientationPortrait UIInterfaceOrientationPortraitUpsideDown UIInterfaceOrientationLandscapeLeft UIInterfaceOrientationLandscapeRight";
				INFOPLIST_KEY_UISupportedInterfaceOrientations_iPhone = "UIInterfaceOrientationPortrait UIInterfaceOrientationLandscapeLeft UIInterfaceOrientationLandscapeRight";
				LD_RUNPATH_SEARCH_PATHS = (
					"$(inherited)",
					"@executable_path/Frameworks",
				);
				MARKETING_VERSION = 1.0;
				PRODUCT_BUNDLE_IDENTIFIER = vlc.SkinTone;
				PRODUCT_NAME = "$(TARGET_NAME)";
				SWIFT_EMIT_LOC_STRINGS = YES;
				SWIFT_VERSION = 5.0;
				TARGETED_DEVICE_FAMILY = "1,2";
			};
			name = Release;
		};
/* End XCBuildConfiguration section */

/* Begin XCConfigurationList section */
		B08CF6CB275F423700A0B854 /* Build configuration list for PBXProject "SkinTone" */ = {
			isa = XCConfigurationList;
			buildConfigurations = (
				B08CF6E2275F423900A0B854 /* Debug */,
				B08CF6E3275F423900A0B854 /* Release */,
			);
			defaultConfigurationIsVisible = 0;
			defaultConfigurationName = Release;
		};
		B08CF6E4275F423900A0B854 /* Build configuration list for PBXNativeTarget "SkinTone" */ = {
			isa = XCConfigurationList;
			buildConfigurations = (
				B08CF6E5275F423900A0B854 /* Debug */,
				B08CF6E6275F423900A0B854 /* Release */,
			);
			defaultConfigurationIsVisible = 0;
			defaultConfigurationName = Release;
		};
/* End XCConfigurationList section */
	};
	rootObject = B08CF6C8275F423700A0B854 /* Project object */;
}
